
Microsoft Visual Studio Solution File, Format Version 12.00
# Visual Studio Version 16
VisualStudioVersion = 16.0.30002.166
MinimumVisualStudioVersion = 10.0.40219.1
Project("{9A19103F-16F7-4668-BE54-9A1E7A4F7556}") = "FotoStudio", "FotoStudio\FotoStudio.csproj", "{F56212C2-3A2F-4823-91EB-A04C98C62E03}"
EndProject
Project("{FAE04EC0-301F-11D3-BF4B-00C04F79EFBC}") = "FotoStudioTests", "FotoStudioTests\FotoStudioTests.csproj", "{2ABE1428-E5F9-46F6-9977-12CB47153ACE}"
EndProject
Global
	GlobalSection(SolutionConfigurationPlatforms) = preSolution
		Debug|Any CPU = Debug|Any CPU
		Release|Any CPU = Release|Any CPU
	EndGlobalSection
	GlobalSection(ProjectConfigurationPlatforms) = postSolution
		{F56212C2-3A2F-4823-91EB-A04C98C62E03}.Debug|Any CPU.ActiveCfg = Debug|Any CPU
		{F56212C2-3A2F-4823-91EB-A04C98C62E03}.Debug|Any CPU.Build.0 = Debug|Any CPU
		{F56212C2-3A2F-4823-91EB-A04C98C62E03}.Release|Any CPU.ActiveCfg = Release|Any CPU
		{F56212C2-3A2F-4823-91EB-A04C98C62E03}.Release|Any CPU.Build.0 = Release|Any CPU
		{2ABE1428-E5F9-46F6-9977-12CB47153ACE}.Debug|Any CPU.ActiveCfg = Debug|Any CPU
		{2ABE1428-E5F9-46F6-9977-12CB47153ACE}.Debug|Any CPU.Build.0 = Debug|Any CPU
		{2ABE1428-E5F9-46F6-9977-12CB47153ACE}.Release|Any CPU.ActiveCfg = Release|Any CPU
		{2ABE1428-E5F9-46F6-9977-12CB47153ACE}.Release|Any CPU.Build.0 = Release|Any CPU
	EndGlobalSection
	GlobalSection(SolutionProperties) = preSolution
		HideSolutionNode = FALSE
	EndGlobalSection
	GlobalSection(ExtensibilityGlobals) = postSolution
		SolutionGuid = {54679566-672F-4DE5-A00B-5F9216F60352}
	EndGlobalSection
EndGlobal
